
Microsoft Visual Studio Solution File, Format Version 12.00
# Visual Studio Version 17
VisualStudioVersion = 17.1.32210.238
MinimumVisualStudioVersion = 10.0.40219.1
Project("{9A19103F-16F7-4668-BE54-9A1E7A4F7556}") = "ChummerDataViewer", "ChummerDataViewer\ChummerDataViewer.csproj", "{C64B136D-EE48-4CA2-BCDA-DFF2BF1BE253}"
EndProject
Project("{FAE04EC0-301F-11D3-BF4B-00C04F79EFBC}") = "DataConverter", "DataConverter\DataConverter.csproj", "{29A6EB7C-B32F-4F1D-919D-4AAB6ACD477D}"
EndProject
Global
	GlobalSection(SolutionConfigurationPlatforms) = preSolution
		Debug|Any CPU = Debug|Any CPU
		Release|Any CPU = Release|Any CPU
	EndGlobalSection
	GlobalSection(ProjectConfigurationPlatforms) = postSolution
		{C64B136D-EE48-4CA2-BCDA-DFF2BF1BE253}.Debug|Any CPU.ActiveCfg = Debug|Any CPU
		{C64B136D-EE48-4CA2-BCDA-DFF2BF1BE253}.Debug|Any CPU.Build.0 = Debug|Any CPU
		{C64B136D-EE48-4CA2-BCDA-DFF2BF1BE253}.Release|Any CPU.ActiveCfg = Release|Any CPU
		{C64B136D-EE48-4CA2-BCDA-DFF2BF1BE253}.Release|Any CPU.Build.0 = Release|Any CPU
		{29A6EB7C-B32F-4F1D-919D-4AAB6ACD477D}.Debug|Any CPU.ActiveCfg = Debug|Any CPU
		{29A6EB7C-B32F-4F1D-919D-4AAB6ACD477D}.Debug|Any CPU.Build.0 = Debug|Any CPU
		{29A6EB7C-B32F-4F1D-919D-4AAB6ACD477D}.Release|Any CPU.ActiveCfg = Release|Any CPU
		{29A6EB7C-B32F-4F1D-919D-4AAB6ACD477D}.Release|Any CPU.Build.0 = Release|Any CPU
	EndGlobalSection
	GlobalSection(SolutionProperties) = preSolution
		HideSolutionNode = FALSE
	EndGlobalSection
	GlobalSection(ExtensibilityGlobals) = postSolution
		SolutionGuid = {89540526-A87C-4CA5-971C-33A3C1B6E46E}
	EndGlobalSection
EndGlobal
